// !$*UTF8*$!
{
	archiveVersion = 1;
	classes = {
	};
	objectVersion = 46;
	objects = {

/* Begin PBXBuildFile section */
		29A7EC831EC3816500F7CE68 /* AppDelegate.swift in Sources */ = {isa = PBXBuildFile; fileRef = 29A7EC821EC3816500F7CE68 /* AppDelegate.swift */; };
		29A7EC851EC3816500F7CE68 /* ViewController.swift in Sources */ = {isa = PBXBuildFile; fileRef = 29A7EC841EC3816500F7CE68 /* ViewController.swift */; };
		29A7EC871EC3816500F7CE68 /* Assets.xcassets in Resources */ = {isa = PBXBuildFile; fileRef = 29A7EC861EC3816500F7CE68 /* Assets.xcassets */; };
		29A7EC8A1EC3816500F7CE68 /* Main.storyboard in Resources */ = {isa = PBXBuildFile; fileRef = 29A7EC881EC3816500F7CE68 /* Main.storyboard */; };
		29A7EC951EC3816500F7CE68 /* GitHubTestTests.swift in Sources */ = {isa = PBXBuildFile; fileRef = 29A7EC941EC3816500F7CE68 /* GitHubTestTests.swift */; };
		29A7ECA01EC3816500F7CE68 /* GitHubTestUITests.swift in Sources */ = {isa = PBXBuildFile; fileRef = 29A7EC9F1EC3816500F7CE68 /* GitHubTestUITests.swift */; };
/* End PBXBuildFile section */

/* Begin PBXContainerItemProxy section */
		29A7EC911EC3816500F7CE68 /* PBXContainerItemProxy */ = {
			isa = PBXContainerItemProxy;
			containerPortal = 29A7EC771EC3816500F7CE68 /* Project object */;
			proxyType = 1;
			remoteGlobalIDString = 29A7EC7E1EC3816500F7CE68;
			remoteInfo = GitHubTest;
		};
		29A7EC9C1EC3816500F7CE68 /* PBXContainerItemProxy */ = {
			isa = PBXContainerItemProxy;
			containerPortal = 29A7EC771EC3816500F7CE68 /* Project object */;
			proxyType = 1;
			remoteGlobalIDString = 29A7EC7E1EC3816500F7CE68;
			remoteInfo = GitHubTest;
		};
/* End PBXContainerItemProxy section */

/* Begin PBXFileReference section */
		29A7EC7F1EC3816500F7CE68 /* GitHubTest.app */ = {isa = PBXFileReference; explicitFileType = wrapper.application; includeInIndex = 0; path = GitHubTest.app; sourceTree = BUILT_PRODUCTS_DIR; };
		29A7EC821EC3816500F7CE68 /* AppDelegate.swift */ = {isa = PBXFileReference; lastKnownFileType = sourcecode.swift; path = AppDelegate.swift; sourceTree = "<group>"; };
		29A7EC841EC3816500F7CE68 /* ViewController.swift */ = {isa = PBXFileReference; lastKnownFileType = sourcecode.swift; path = ViewController.swift; sourceTree = "<group>"; };
		29A7EC861EC3816500F7CE68 /* Assets.xcassets */ = {isa = PBXFileReference; lastKnownFileType = folder.assetcatalog; path = Assets.xcassets; sourceTree = "<group>"; };
		29A7EC891EC3816500F7CE68 /* Base */ = {isa = PBXFileReference; lastKnownFileType = file.storyboard; name = Base; path = Base.lproj/Main.storyboard; sourceTree = "<group>"; };
		29A7EC8B1EC3816500F7CE68 /* Info.plist */ = {isa = PBXFileReference; lastKnownFileType = text.plist.xml; path = Info.plist; sourceTree = "<group>"; };
		29A7EC901EC3816500F7CE68 /* GitHubTestTests.xctest */ = {isa = PBXFileReference; explicitFileType = wrapper.cfbundle; includeInIndex = 0; path = GitHubTestTests.xctest; sourceTree = BUILT_PRODUCTS_DIR; };
		29A7EC941EC3816500F7CE68 /* GitHubTestTests.swift */ = {isa = PBXFileReference; lastKnownFileType = sourcecode.swift; path = GitHubTestTests.swift; sourceTree = "<group>"; };
		29A7EC961EC3816500F7CE68 /* Info.plist */ = {isa = PBXFileReference; lastKnownFileType = text.plist.xml; path = Info.plist; sourceTree = "<group>"; };
		29A7EC9B1EC3816500F7CE68 /* GitHubTestUITests.xctest */ = {isa = PBXFileReference; explicitFileType = wrapper.cfbundle; includeInIndex = 0; path = GitHubTestUITests.xctest; sourceTree = BUILT_PRODUCTS_DIR; };
		29A7EC9F1EC3816500F7CE68 /* GitHubTestUITests.swift */ = {isa = PBXFileReference; lastKnownFileType = sourcecode.swift; path = GitHubTestUITests.swift; sourceTree = "<group>"; };
		29A7ECA11EC3816500F7CE68 /* Info.plist */ = {isa = PBXFileReference; lastKnownFileType = text.plist.xml; path = Info.plist; sourceTree = "<group>"; };
/* End PBXFileReference section */

/* Begin PBXFrameworksBuildPhase section */
		29A7EC7C1EC3816500F7CE68 /* Frameworks */ = {
			isa = PBXFrameworksBuildPhase;
			buildActionMask = 2147483647;
			files = (
			);
			runOnlyForDeploymentPostprocessing = 0;
		};
		29A7EC8D1EC3816500F7CE68 /* Frameworks */ = {
			isa = PBXFrameworksBuildPhase;
			buildActionMask = 2147483647;
			files = (
			);
			runOnlyForDeploymentPostprocessing = 0;
		};
		29A7EC981EC3816500F7CE68 /* Frameworks */ = {
			isa = PBXFrameworksBuildPhase;
			buildActionMask = 2147483647;
			files = (
			);
			runOnlyForDeploymentPostprocessing = 0;
		};
/* End PBXFrameworksBuildPhase section */

/* Begin PBXGroup section */
		29A7EC761EC3816500F7CE68 = {
			isa = PBXGroup;
			children = (
				29A7EC811EC3816500F7CE68 /* GitHubTest */,
				29A7EC931EC3816500F7CE68 /* GitHubTestTests */,
				29A7EC9E1EC3816500F7CE68 /* GitHubTestUITests */,
				29A7EC801EC3816500F7CE68 /* Products */,
			);
			sourceTree = "<group>";
		};
		29A7EC801EC3816500F7CE68 /* Products */ = {
			isa = PBXGroup;
			children = (
				29A7EC7F1EC3816500F7CE68 /* GitHubTest.app */,
				29A7EC901EC3816500F7CE68 /* GitHubTestTests.xctest */,
				29A7EC9B1EC3816500F7CE68 /* GitHubTestUITests.xctest */,
			);
			name = Products;
			sourceTree = "<group>";
		};
		29A7EC811EC3816500F7CE68 /* GitHubTest */ = {
			isa = PBXGroup;
			children = (
				29A7EC821EC3816500F7CE68 /* AppDelegate.swift */,
				29A7EC841EC3816500F7CE68 /* ViewController.swift */,
				29A7EC861EC3816500F7CE68 /* Assets.xcassets */,
				29A7EC881EC3816500F7CE68 /* Main.storyboard */,
				29A7EC8B1EC3816500F7CE68 /* Info.plist */,
			);
			path = GitHubTest;
			sourceTree = "<group>";
		};
		29A7EC931EC3816500F7CE68 /* GitHubTestTests */ = {
			isa = PBXGroup;
			children = (
				29A7EC941EC3816500F7CE68 /* GitHubTestTests.swift */,
				29A7EC961EC3816500F7CE68 /* Info.plist */,
			);
			path = GitHubTestTests;
			sourceTree = "<group>";
		};
		29A7EC9E1EC3816500F7CE68 /* GitHubTestUITests */ = {
			isa = PBXGroup;
			children = (
				29A7EC9F1EC3816500F7CE68 /* GitHubTestUITests.swift */,
				29A7ECA11EC3816500F7CE68 /* Info.plist */,
			);
			path = GitHubTestUITests;
			sourceTree = "<group>";
		};
/* End PBXGroup section */

/* Begin PBXNativeTarget section */
		29A7EC7E1EC3816500F7CE68 /* GitHubTest */ = {
			isa = PBXNativeTarget;
			buildConfigurationList = 29A7ECA41EC3816500F7CE68 /* Build configuration list for PBXNativeTarget "GitHubTest" */;
			buildPhases = (
				29A7EC7B1EC3816500F7CE68 /* Sources */,
				29A7EC7C1EC3816500F7CE68 /* Frameworks */,
				29A7EC7D1EC3816500F7CE68 /* Resources */,
			);
			buildRules = (
			);
			dependencies = (
			);
			name = GitHubTest;
			productName = GitHubTest;
			productReference = 29A7EC7F1EC3816500F7CE68 /* GitHubTest.app */;
			productType = "com.apple.product-type.application";
		};
		29A7EC8F1EC3816500F7CE68 /* GitHubTestTests */ = {
			isa = PBXNativeTarget;
			buildConfigurationList = 29A7ECA71EC3816500F7CE68 /* Build configuration list for PBXNativeTarget "GitHubTestTests" */;
			buildPhases = (
				29A7EC8C1EC3816500F7CE68 /* Sources */,
				29A7EC8D1EC3816500F7CE68 /* Frameworks */,
				29A7EC8E1EC3816500F7CE68 /* Resources */,
			);
			buildRules = (
			);
			dependencies = (
				29A7EC921EC3816500F7CE68 /* PBXTargetDependency */,
			);
			name = GitHubTestTests;
			productName = GitHubTestTests;
			productReference = 29A7EC901EC3816500F7CE68 /* GitHubTestTests.xctest */;
			productType = "com.apple.product-type.bundle.unit-test";
		};
		29A7EC9A1EC3816500F7CE68 /* GitHubTestUITests */ = {
			isa = PBXNativeTarget;
			buildConfigurationList = 29A7ECAA1EC3816500F7CE68 /* Build configuration list for PBXNativeTarget "GitHubTestUITests" */;
			buildPhases = (
				29A7EC971EC3816500F7CE68 /* Sources */,
				29A7EC981EC3816500F7CE68 /* Frameworks */,
				29A7EC991EC3816500F7CE68 /* Resources */,
			);
			buildRules = (
			);
			dependencies = (
				29A7EC9D1EC3816500F7CE68 /* PBXTargetDependency */,
			);
			name = GitHubTestUITests;
			productName = GitHubTestUITests;
			productReference = 29A7EC9B1EC3816500F7CE68 /* GitHubTestUITests.xctest */;
			productType = "com.apple.product-type.bundle.ui-testing";
		};
/* End PBXNativeTarget section */

/* Begin PBXProject section */
		29A7EC771EC3816500F7CE68 /* Project object */ = {
			isa = PBXProject;
			attributes = {
				LastSwiftUpdateCheck = 0810;
				LastUpgradeCheck = 0810;
				ORGANIZATIONNAME = Emad;
				TargetAttributes = {
					29A7EC7E1EC3816500F7CE68 = {
						CreatedOnToolsVersion = 8.1;
						DevelopmentTeam = 5C826R3CUV;
						ProvisioningStyle = Automatic;
					};
					29A7EC8F1EC3816500F7CE68 = {
						CreatedOnToolsVersion = 8.1;
						DevelopmentTeam = 5C826R3CUV;
						ProvisioningStyle = Automatic;
						TestTargetID = 29A7EC7E1EC3816500F7CE68;
					};
					29A7EC9A1EC3816500F7CE68 = {
						CreatedOnToolsVersion = 8.1;
						DevelopmentTeam = 5C826R3CUV;
						ProvisioningStyle = Automatic;
						TestTargetID = 29A7EC7E1EC3816500F7CE68;
					};
				};
			};
			buildConfigurationList = 29A7EC7A1EC3816500F7CE68 /* Build configuration list for PBXProject "GitHubTest" */;
			compatibilityVersion = "Xcode 3.2";
			developmentRegion = English;
			hasScannedForEncodings = 0;
			knownRegions = (
				en,
				Base,
			);
			mainGroup = 29A7EC761EC3816500F7CE68;
			productRefGroup = 29A7EC801EC3816500F7CE68 /* Products */;
			projectDirPath = "";
			projectRoot = "";
			targets = (
				29A7EC7E1EC3816500F7CE68 /* GitHubTest */,
				29A7EC8F1EC3816500F7CE68 /* GitHubTestTests */,
				29A7EC9A1EC3816500F7CE68 /* GitHubTestUITests */,
			);
		};
/* End PBXProject section */

/* Begin PBXResourcesBuildPhase section */
		29A7EC7D1EC3816500F7CE68 /* Resources */ = {
			isa = PBXResourcesBuildPhase;
			buildActionMask = 2147483647;
			files = (
				29A7EC871EC3816500F7CE68 /* Assets.xcassets in Resources */,
				29A7EC8A1EC3816500F7CE68 /* Main.storyboard in Resources */,
			);
			runOnlyForDeploymentPostprocessing = 0;
		};
		29A7EC8E1EC3816500F7CE68 /* Resources */ = {
			isa = PBXResourcesBuildPhase;
			buildActionMask = 2147483647;
			files = (
			);
			runOnlyForDeploymentPostprocessing = 0;
		};
		29A7EC991EC3816500F7CE68 /* Resources */ = {
			isa = PBXResourcesBuildPhase;
			buildActionMask = 2147483647;
			files = (
			);
			runOnlyForDeploymentPostprocessing = 0;
		};
/* End PBXResourcesBuildPhase section */

/* Begin PBXSourcesBuildPhase section */
		29A7EC7B1EC3816500F7CE68 /* Sources */ = {
			isa = PBXSourcesBuildPhase;
			buildActionMask = 2147483647;
			files = (
				29A7EC851EC3816500F7CE68 /* ViewController.swift in Sources */,
				29A7EC831EC3816500F7CE68 /* AppDelegate.swift in Sources */,
			);
			runOnlyForDeploymentPostprocessing = 0;
		};
		29A7EC8C1EC3816500F7CE68 /* Sources */ = {
			isa = PBXSourcesBuildPhase;
			buildActionMask = 2147483647;
			files = (
				29A7EC951EC3816500F7CE68 /* GitHubTestTests.swift in Sources */,
			);
			runOnlyForDeploymentPostprocessing = 0;
		};
		29A7EC971EC3816500F7CE68 /* Sources */ = {
			isa = PBXSourcesBuildPhase;
			buildActionMask = 2147483647;
			files = (
				29A7ECA01EC3816500F7CE68 /* GitHubTestUITests.swift in Sources */,
			);
			runOnlyForDeploymentPostprocessing = 0;
		};
/* End PBXSourcesBuildPhase section */

/* Begin PBXTargetDependency section */
		29A7EC921EC3816500F7CE68 /* PBXTargetDependency */ = {
			isa = PBXTargetDependency;
			target = 29A7EC7E1EC3816500F7CE68 /* GitHubTest */;
			targetProxy = 29A7EC911EC3816500F7CE68 /* PBXContainerItemProxy */;
		};
		29A7EC9D1EC3816500F7CE68 /* PBXTargetDependency */ = {
			isa = PBXTargetDependency;
			target = 29A7EC7E1EC3816500F7CE68 /* GitHubTest */;
			targetProxy = 29A7EC9C1EC3816500F7CE68 /* PBXContainerItemProxy */;
		};
/* End PBXTargetDependency section */

/* Begin PBXVariantGroup section */
		29A7EC881EC3816500F7CE68 /* Main.storyboard */ = {
			isa = PBXVariantGroup;
			children = (
				29A7EC891EC3816500F7CE68 /* Base */,
			);
			name = Main.storyboard;
			sourceTree = "<group>";
		};
/* End PBXVariantGroup section */

/* Begin XCBuildConfiguration section */
		29A7ECA21EC3816500F7CE68 /* Debug */ = {
			isa = XCBuildConfiguration;
			buildSettings = {
				ALWAYS_SEARCH_USER_PATHS = NO;
				CLANG_ANALYZER_NONNULL = YES;
				CLANG_CXX_LANGUAGE_STANDARD = "gnu++0x";
				CLANG_CXX_LIBRARY = "libc++";
				CLANG_ENABLE_MODULES = YES;
				CLANG_ENABLE_OBJC_ARC = YES;
				CLANG_WARN_BOOL_CONVERSION = YES;
				CLANG_WARN_CONSTANT_CONVERSION = YES;
				CLANG_WARN_DIRECT_OBJC_ISA_USAGE = YES_ERROR;
				CLANG_WARN_DOCUMENTATION_COMMENTS = YES;
				CLANG_WARN_EMPTY_BODY = YES;
				CLANG_WARN_ENUM_CONVERSION = YES;
				CLANG_WARN_INFINITE_RECURSION = YES;
				CLANG_WARN_INT_CONVERSION = YES;
				CLANG_WARN_OBJC_ROOT_CLASS = YES_ERROR;
				CLANG_WARN_SUSPICIOUS_MOVES = YES;
				CLANG_WARN_UNREACHABLE_CODE = YES;
				CLANG_WARN__DUPLICATE_METHOD_MATCH = YES;
				CODE_SIGN_IDENTITY = "-";
				COPY_PHASE_STRIP = NO;
				DEBUG_INFORMATION_FORMAT = dwarf;
				ENABLE_STRICT_OBJC_MSGSEND = YES;
				ENABLE_TESTABILITY = YES;
				GCC_C_LANGUAGE_STANDARD = gnu99;
				GCC_DYNAMIC_NO_PIC = NO;
				GCC_NO_COMMON_BLOCKS = YES;
				GCC_OPTIMIZATION_LEVEL = 0;
				GCC_PREPROCESSOR_DEFINITIONS = (
					"DEBUG=1",
					"$(inherited)",
				);
				GCC_WARN_64_TO_32_BIT_CONVERSION = YES;
				GCC_WARN_ABOUT_RETURN_TYPE = YES_ERROR;
				GCC_WARN_UNDECLARED_SELECTOR = YES;
				GCC_WARN_UNINITIALIZED_AUTOS = YES_AGGRESSIVE;
				GCC_WARN_UNUSED_FUNCTION = YES;
				GCC_WARN_UNUSED_VARIABLE = YES;
				MACOSX_DEPLOYMENT_TARGET = 10.12;
				MTL_ENABLE_DEBUG_INFO = YES;
				ONLY_ACTIVE_ARCH = YES;
				SDKROOT = macosx;
				SWIFT_ACTIVE_COMPILATION_CONDITIONS = DEBUG;
				SWIFT_OPTIMIZATION_LEVEL = "-Onone";
			};
			name = Debug;
		};
		29A7ECA31EC3816500F7CE68 /* Release */ = {
			isa = XCBuildConfiguration;
			buildSettings = {
				ALWAYS_SEARCH_USER_PATHS = NO;
				CLANG_ANALYZER_NONNULL = YES;
				CLANG_CXX_LANGUAGE_STANDARD = "gnu++0x";
				CLANG_CXX_LIBRARY = "libc++";
				CLANG_ENABLE_MODULES = YES;
				CLANG_ENABLE_OBJC_ARC = YES;
				CLANG_WARN_BOOL_CONVERSION = YES;
				CLANG_WARN_CONSTANT_CONVERSION = YES;
				CLANG_WARN_DIRECT_OBJC_ISA_USAGE = YES_ERROR;
				CLANG_WARN_DOCUMENTATION_COMMENTS = YES;
				CLANG_WARN_EMPTY_BODY = YES;
				CLANG_WARN_ENUM_CONVERSION = YES;
				CLANG_WARN_INFINITE_RECURSION = YES;
				CLANG_WARN_INT_CONVERSION = YES;
				CLANG_WARN_OBJC_ROOT_CLASS = YES_ERROR;
				CLANG_WARN_SUSPICIOUS_MOVES = YES;
				CLANG_WARN_UNREACHABLE_CODE = YES;
				CLANG_WARN__DUPLICATE_METHOD_MATCH = YES;
				CODE_SIGN_IDENTITY = "-";
				COPY_PHASE_STRIP = NO;
				DEBUG_INFORMATION_FORMAT = "dwarf-with-dsym";
				ENABLE_NS_ASSERTIONS = NO;
				ENABLE_STRICT_OBJC_MSGSEND = YES;
				GCC_C_LANGUAGE_STANDARD = gnu99;
				GCC_NO_COMMON_BLOCKS = YES;
				GCC_WARN_64_TO_32_BIT_CONVERSION = YES;
				GCC_WARN_ABOUT_RETURN_TYPE = YES_ERROR;
				GCC_WARN_UNDECLARED_SELECTOR = YES;
				GCC_WARN_UNINITIALIZED_AUTOS = YES_AGGRESSIVE;
				GCC_WARN_UNUSED_FUNCTION = YES;
				GCC_WARN_UNUSED_VARIABLE = YES;
				MACOSX_DEPLOYMENT_TARGET = 10.12;
				MTL_ENABLE_DEBUG_INFO = NO;
				SDKROOT = macosx;
				SWIFT_OPTIMIZATION_LEVEL = "-Owholemodule";
			};
			name = Release;
		};
		29A7ECA51EC3816500F7CE68 /* Debug */ = {
			isa = XCBuildConfiguration;
			buildSettings = {
				ASSETCATALOG_COMPILER_APPICON_NAME = AppIcon;
				COMBINE_HIDPI_IMAGES = YES;
				DEVELOPMENT_TEAM = 5C826R3CUV;
				INFOPLIST_FILE = GitHubTest/Info.plist;
				LD_RUNPATH_SEARCH_PATHS = "$(inherited) @executable_path/../Frameworks";
				PRODUCT_BUNDLE_IDENTIFIER = com.emad.habib.pro.GitHubTest;
				PRODUCT_NAME = "$(TARGET_NAME)";
				SWIFT_VERSION = 3.0;
			};
			name = Debug;
		};
		29A7ECA61EC3816500F7CE68 /* Release */ = {
			isa = XCBuildConfiguration;
			buildSettings = {
				ASSETCATALOG_COMPILER_APPICON_NAME = AppIcon;
				COMBINE_HIDPI_IMAGES = YES;
				DEVELOPMENT_TEAM = 5C826R3CUV;
				INFOPLIST_FILE = GitHubTest/Info.plist;
				LD_RUNPATH_SEARCH_PATHS = "$(inherited) @executable_path/../Frameworks";
				PRODUCT_BUNDLE_IDENTIFIER = com.emad.habib.pro.GitHubTest;
				PRODUCT_NAME = "$(TARGET_NAME)";
				SWIFT_VERSION = 3.0;
			};
			name = Release;
		};
		29A7ECA81EC3816500F7CE68 /* Debug */ = {
			isa = XCBuildConfiguration;
			buildSettings = {
				ALWAYS_EMBED_SWIFT_STANDARD_LIBRARIES = YES;
				BUNDLE_LOADER = "$(TEST_HOST)";
				COMBINE_HIDPI_IMAGES = YES;
				DEVELOPMENT_TEAM = 5C826R3CUV;
				INFOPLIST_FILE = GitHubTestTests/Info.plist;
				LD_RUNPATH_SEARCH_PATHS = "$(inherited) @executable_path/../Frameworks @loader_path/../Frameworks";
				PRODUCT_BUNDLE_IDENTIFIER = com.emad.habib.pro.GitHubTestTests;
				PRODUCT_NAME = "$(TARGET_NAME)";
				SWIFT_VERSION = 3.0;
				TEST_HOST = "$(BUILT_PRODUCTS_DIR)/GitHubTest.app/Contents/MacOS/GitHubTest";
			};
			name = Debug;
		};
		29A7ECA91EC3816500F7CE68 /* Release */ = {
			isa = XCBuildConfiguration;
			buildSettings = {
				ALWAYS_EMBED_SWIFT_STANDARD_LIBRARIES = YES;
				BUNDLE_LOADER = "$(TEST_HOST)";
				COMBINE_HIDPI_IMAGES = YES;
				DEVELOPMENT_TEAM = 5C826R3CUV;
				INFOPLIST_FILE = GitHubTestTests/Info.plist;
				LD_RUNPATH_SEARCH_PATHS = "$(inherited) @executable_path/../Frameworks @loader_path/../Frameworks";
				PRODUCT_BUNDLE_IDENTIFIER = com.emad.habib.pro.GitHubTestTests;
				PRODUCT_NAME = "$(TARGET_NAME)";
				SWIFT_VERSION = 3.0;
				TEST_HOST = "$(BUILT_PRODUCTS_DIR)/GitHubTest.app/Contents/MacOS/GitHubTest";
			};
			name = Release;
		};
		29A7ECAB1EC3816500F7CE68 /* Debug */ = {
			isa = XCBuildConfiguration;
			buildSettings = {
				ALWAYS_EMBED_SWIFT_STANDARD_LIBRARIES = YES;
				COMBINE_HIDPI_IMAGES = YES;
				DEVELOPMENT_TEAM = 5C826R3CUV;
				INFOPLIST_FILE = GitHubTestUITests/Info.plist;
				LD_RUNPATH_SEARCH_PATHS = "$(inherited) @executable_path/../Frameworks @loader_path/../Frameworks";
				PRODUCT_BUNDLE_IDENTIFIER = com.emad.habib.pro.GitHubTestUITests;
				PRODUCT_NAME = "$(TARGET_NAME)";
				SWIFT_VERSION = 3.0;
				TEST_TARGET_NAME = GitHubTest;
			};
			name = Debug;
		};
		29A7ECAC1EC3816500F7CE68 /* Release */ = {
			isa = XCBuildConfiguration;
			buildSettings = {
				ALWAYS_EMBED_SWIFT_STANDARD_LIBRARIES = YES;
				COMBINE_HIDPI_IMAGES = YES;
				DEVELOPMENT_TEAM = 5C826R3CUV;
				INFOPLIST_FILE = GitHubTestUITests/Info.plist;
				LD_RUNPATH_SEARCH_PATHS = "$(inherited) @executable_path/../Frameworks @loader_path/../Frameworks";
				PRODUCT_BUNDLE_IDENTIFIER = com.emad.habib.pro.GitHubTestUITests;
				PRODUCT_NAME = "$(TARGET_NAME)";
				SWIFT_VERSION = 3.0;
				TEST_TARGET_NAME = GitHubTest;
			};
			name = Release;
		};
/* End XCBuildConfiguration section */

/* Begin XCConfigurationList section */
		29A7EC7A1EC3816500F7CE68 /* Build configuration list for PBXProject "GitHubTest" */ = {
			isa = XCConfigurationList;
			buildConfigurations = (
				29A7ECA21EC3816500F7CE68 /* Debug */,
				29A7ECA31EC3816500F7CE68 /* Release */,
			);
			defaultConfigurationIsVisible = 0;
			defaultConfigurationName = Release;
		};
		29A7ECA41EC3816500F7CE68 /* Build configuration list for PBXNativeTarget "GitHubTest" */ = {
			isa = XCConfigurationList;
			buildConfigurations = (
				29A7ECA51EC3816500F7CE68 /* Debug */,
				29A7ECA61EC3816500F7CE68 /* Release */,
			);
			defaultConfigurationIsVisible = 0;
		};
		29A7ECA71EC3816500F7CE68 /* Build configuration list for PBXNativeTarget "GitHubTestTests" */ = {
			isa = XCConfigurationList;
			buildConfigurations = (
				29A7ECA81EC3816500F7CE68 /* Debug */,
				29A7ECA91EC3816500F7CE68 /* Release */,
			);
			defaultConfigurationIsVisible = 0;
		};
		29A7ECAA1EC3816500F7CE68 /* Build configuration list for PBXNativeTarget "GitHubTestUITests" */ = {
			isa = XCConfigurationList;
			buildConfigurations = (
				29A7ECAB1EC3816500F7CE68 /* Debug */,
				29A7ECAC1EC3816500F7CE68 /* Release */,
			);
			defaultConfigurationIsVisible = 0;
		};
/* End XCConfigurationList section */
	};
	rootObject = 29A7EC771EC3816500F7CE68 /* Project object */;
}
